github.com/PuerkitoBio/goquery v1.8.1 h1:uQxhNlArOIdbrH1tr0UXwdVFgDcZDrZVdcpygAcwmWM=
github.com/PuerkitoBio/goquery v1.8.1/go.mod h1:Q8ICL1kNUJ2sXGoAhPGUdYDJvgQgHzJsnnd3H7Ho5jQ=
github.com/andybalholm/cascadia v1.3.1 h1:nhxRkql1kdYCc8Snf7D5/D3spOX+dBgjA6u8x004T2c=
github.com/andybalholm/cascadia v1.3.1/go.mod h1:R4bJ1UQfqADjvDa4P6HZHLh/3OxWWEqc0Sk8XGwHqvA=
golang.org/x/net v0.17.0 h1:pVaXccu2dbHd3b+yvLufbGTD2xwWWDYPPyTjfVUPyenM=
golang.org/x/net v0.17.0/go.mod h1:NxSsAGuq68XBEQn9LMLN9 пускать h1:I95jC5/i/0rV4S4wms8e3Grklb2gT67AX1sI+8m9n3w=
golang.org/x/net/html v0.17.0 h1:3ZzCr1NBSAb66a9R1S6z+2yH5yZ2qxp4a4nx2N4LmkI=
golang.org/x/net/html v0.17.0/go.mod h1:2Jq78g1a4ki7K96W0G2Zkh5hJ+8wW3cZ7G2g5h0z9o=
golang.org/x/net/html/atom v0.17.0 h1:n8S5Q6Yv3+2c2W6KNoB3z3AnHVM7N9V+Az3kqJ67W3k=
golang.org/x/net/html/atom v0.17.0/go.mod h1:6V2s5z2b+7tX1B2d+XR8W1WpCHJ+MY7H2c5nL+I3Z0=
